
Microsoft Visual Studio Solution File, Format Version 12.00
# Visual Studio 15
VisualStudioVersion = 15.0.27703.2047
MinimumVisualStudioVersion = 10.0.40219.1
Project("{FAE04EC0-301F-11D3-BF4B-00C04F79EFBC}") = "Projeto01_ServiçosWCF", "Projeto01_ServiçosWCF\Projeto01_ServiçosWCF.csproj", "{21BBC35D-67AB-4B2C-9DF7-04C4E4720196}"
EndProject
Project("{FAE04EC0-301F-11D3-BF4B-00C04F79EFBC}") = "Projeto02_ConsumoWCF", "Projeto02_ConsumoWCF\Projeto02_ConsumoWCF.csproj", "{5A1592A3-875A-40EA-8521-615A7028E578}"
	ProjectSection(ProjectDependencies) = postProject
		{21BBC35D-67AB-4B2C-9DF7-04C4E4720196} = {21BBC35D-67AB-4B2C-9DF7-04C4E4720196}
	EndProjectSection
EndProject
Global
	GlobalSection(SolutionConfigurationPlatforms) = preSolution
		Debug|Any CPU = Debug|Any CPU
		Release|Any CPU = Release|Any CPU
	EndGlobalSection
	GlobalSection(ProjectConfigurationPlatforms) = postSolution
		{21BBC35D-67AB-4B2C-9DF7-04C4E4720196}.Debug|Any CPU.ActiveCfg = Debug|Any CPU
		{21BBC35D-67AB-4B2C-9DF7-04C4E4720196}.Debug|Any CPU.Build.0 = Debug|Any CPU
		{21BBC35D-67AB-4B2C-9DF7-04C4E4720196}.Release|Any CPU.ActiveCfg = Release|Any CPU
		{21BBC35D-67AB-4B2C-9DF7-04C4E4720196}.Release|Any CPU.Build.0 = Release|Any CPU
		{5A1592A3-875A-40EA-8521-615A7028E578}.Debug|Any CPU.ActiveCfg = Debug|Any CPU
		{5A1592A3-875A-40EA-8521-615A7028E578}.Debug|Any CPU.Build.0 = Debug|Any CPU
		{5A1592A3-875A-40EA-8521-615A7028E578}.Release|Any CPU.ActiveCfg = Release|Any CPU
		{5A1592A3-875A-40EA-8521-615A7028E578}.Release|Any CPU.Build.0 = Release|Any CPU
	EndGlobalSection
	GlobalSection(SolutionProperties) = preSolution
		HideSolutionNode = FALSE
	EndGlobalSection
	GlobalSection(ExtensibilityGlobals) = postSolution
		SolutionGuid = {8C92FD8E-240F-4445-BE5D-86139BDD847B}
	EndGlobalSection
EndGlobal
